# This file is autogenerated, do not edit; changes may be undone by the next 'dep ensure'.


[[projects]]
  name = "github.com/gosimple/slug"
  packages = ["."]
  revision = "283c8d10b72e48ecfd721b1739de574713e57a0b"
  version = "v1.3.0"

[[projects]]
  branch = "master"
  name = "github.com/rainycape/unidecode"
  packages = ["."]
  revision = "cb7f23ec59bec0d61b19c56cd88cee3d0cc1870c"

[solve-meta]
  analyzer-name = "dep"
  analyzer-version = 1
  inputs-digest = "a41773d24661cabef79dcca1298f9fabdad158334ac7f713bc5559b3848818a6"
  solver-name = "gps-cdcl"
  solver-version = 1
