# This file is autogenerated, do not edit; changes may be undone by the next 'dep ensure'.


[[projects]]
  branch = "master"
  digest = "1:ba1ad3d6c76aa0be912fb1265a281a0c0d4021c5b8e9a36039a467ac9ba106a1"
  name = "github.com/bradfitz/latlong"
  packages = ["."]
  pruneopts = "UT"
  revision = "f3db6d0dff40d47957be82e1a6645574fb041f95"

[[projects]]
  digest = "1:336a3f4034b62469e9adf046b084fa7b8b756339d5cff9e61bbd810adece75d5"
  name = "github.com/gosimple/slug"
  packages = ["."]
  pruneopts = "UT"
  revision = "283c8d10b72e48ecfd721b1739de574713e57a0b"
  version = "v1.3.0"

[[projects]]
  branch = "master"
  digest = "1:e6a29574542c00bb18adb1bfbe629ff88c468c2af2e2e953d3e58eda07165086"
  name = "github.com/rainycape/unidecode"
  packages = ["."]
  pruneopts = "UT"
  revision = "cb7f23ec59bec0d61b19c56cd88cee3d0cc1870c"

[solve-meta]
  analyzer-name = "dep"
  analyzer-version = 1
  input-imports = [
    "github.com/bradfitz/latlong",
    "github.com/gosimple/slug",
  ]
  solver-name = "gps-cdcl"
  solver-version = 1
