# This file is autogenerated, do not edit; changes may be undone by the next 'dep ensure'.


[[projects]]
  name = "github.com/gosimple/slug"
  packages = ["."]
  revision = "283c8d10b72e48ecfd721b1739de574713e57a0b"
  version = "v1.3.0"

[[projects]]
  branch = "master"
  name = "github.com/rainycape/unidecode"
  packages = ["."]
  revision = "cb7f23ec59bec0d61b19c56cd88cee3d0cc1870c"

[[projects]]
  branch = "master"
  name = "github.com/xiam/exif"
  packages = ["."]
  revision = "33e82e3db72f03c4d55d10b7275d267fc7cd0e45"

[solve-meta]
  analyzer-name = "dep"
  analyzer-version = 1
  inputs-digest = "3a1fa3769084fff6e99633120172730a84e012779eede13888570b6c253e2aaf"
  solver-name = "gps-cdcl"
  solver-version = 1
